// !$*UTF8*$!
{
	archiveVersion = 1;
	classes = {
	};
	objectVersion = 46;
	objects = {

/* Begin PBXBuildFile section */
		C9A6A9BA1842DCAE003469EA /* Foundation.framework in Frameworks */ = {isa = PBXBuildFile; fileRef = C9A6A9B91842DCAE003469EA /* Foundation.framework */; };
		C9A6A9BC1842DCAE003469EA /* CoreGraphics.framework in Frameworks */ = {isa = PBXBuildFile; fileRef = C9A6A9BB1842DCAE003469EA /* CoreGraphics.framework */; };
		C9A6A9BE1842DCAE003469EA /* UIKit.framework in Frameworks */ = {isa = PBXBuildFile; fileRef = C9A6A9BD1842DCAE003469EA /* UIKit.framework */; };
		C9A6A9C41842DCAE003469EA /* InfoPlist.strings in Resources */ = {isa = PBXBuildFile; fileRef = C9A6A9C21842DCAE003469EA /* InfoPlist.strings */; };
		C9A6A9C61842DCAE003469EA /* main.m in Sources */ = {isa = PBXBuildFile; fileRef = C9A6A9C51842DCAE003469EA /* main.m */; };
		C9A6A9CA1842DCAE003469EA /* AppDelegate.m in Sources */ = {isa = PBXBuildFile; fileRef = C9A6A9C91842DCAE003469EA /* AppDelegate.m */; };
		C9A6A9CD1842DCAE003469EA /* Main.storyboard in Resources */ = {isa = PBXBuildFile; fileRef = C9A6A9CB1842DCAE003469EA /* Main.storyboard */; };
		C9A6A9D01842DCAE003469EA /* ViewController.m in Sources */ = {isa = PBXBuildFile; fileRef = C9A6A9CF1842DCAE003469EA /* ViewController.m */; };
		C9A6A9D21842DCAE003469EA /* Images.xcassets in Resources */ = {isa = PBXBuildFile; fileRef = C9A6A9D11842DCAE003469EA /* Images.xcassets */; };
		C9A6A9D91842DCAE003469EA /* XCTest.framework in Frameworks */ = {isa = PBXBuildFile; fileRef = C9A6A9D81842DCAE003469EA /* XCTest.framework */; };
		C9A6A9DA1842DCAE003469EA /* Foundation.framework in Frameworks */ = {isa = PBXBuildFile; fileRef = C9A6A9B91842DCAE003469EA /* Foundation.framework */; };
		C9A6A9DB1842DCAE003469EA /* UIKit.framework in Frameworks */ = {isa = PBXBuildFile; fileRef = C9A6A9BD1842DCAE003469EA /* UIKit.framework */; };
		C9A6A9E31842DCAE003469EA /* InfoPlist.strings in Resources */ = {isa = PBXBuildFile; fileRef = C9A6A9E11842DCAE003469EA /* InfoPlist.strings */; };
		C9A6A9E51842DCAE003469EA /* battleshipTests.m in Sources */ = {isa = PBXBuildFile; fileRef = C9A6A9E41842DCAE003469EA /* battleshipTests.m */; };
		C9A6A9F0184432D7003469EA /* Ships.m in Sources */ = {isa = PBXBuildFile; fileRef = C9A6A9EF184432D7003469EA /* Ships.m */; };
		C9A6A9F218443533003469EA /* ships.plist in Resources */ = {isa = PBXBuildFile; fileRef = C9A6A9F118443533003469EA /* ships.plist */; };
		C9A6A9F518443E3E003469EA /* Player.m in Sources */ = {isa = PBXBuildFile; fileRef = C9A6A9F418443E3E003469EA /* Player.m */; };
		C9A6A9FE18469211003469EA /* GamesListViewController.m in Sources */ = {isa = PBXBuildFile; fileRef = C9A6A9FD18469211003469EA /* GamesListViewController.m */; };
		C9A6AA01184693BD003469EA /* GameStates.m in Sources */ = {isa = PBXBuildFile; fileRef = C9A6AA00184693BD003469EA /* GameStates.m */; };
		C9A6AA0318469B41003469EA /* board.jpeg in Resources */ = {isa = PBXBuildFile; fileRef = C9A6AA0218469B41003469EA /* board.jpeg */; };
/* End PBXBuildFile section */

/* Begin PBXContainerItemProxy section */
		C9A6A9DC1842DCAE003469EA /* PBXContainerItemProxy */ = {
			isa = PBXContainerItemProxy;
			containerPortal = C9A6A9AE1842DCAE003469EA /* Project object */;
			proxyType = 1;
			remoteGlobalIDString = C9A6A9B51842DCAE003469EA;
			remoteInfo = battleship;
		};
/* End PBXContainerItemProxy section */

/* Begin PBXFileReference section */
		C9A6A9B61842DCAE003469EA /* battleship.app */ = {isa = PBXFileReference; explicitFileType = wrapper.application; includeInIndex = 0; path = battleship.app; sourceTree = BUILT_PRODUCTS_DIR; };
		C9A6A9B91842DCAE003469EA /* Foundation.framework */ = {isa = PBXFileReference; lastKnownFileType = wrapper.framework; name = Foundation.framework; path = System/Library/Frameworks/Foundation.framework; sourceTree = SDKROOT; };
		C9A6A9BB1842DCAE003469EA /* CoreGraphics.framework */ = {isa = PBXFileReference; lastKnownFileType = wrapper.framework; name = CoreGraphics.framework; path = System/Library/Frameworks/CoreGraphics.framework; sourceTree = SDKROOT; };
		C9A6A9BD1842DCAE003469EA /* UIKit.framework */ = {isa = PBXFileReference; lastKnownFileType = wrapper.framework; name = UIKit.framework; path = System/Library/Frameworks/UIKit.framework; sourceTree = SDKROOT; };
		C9A6A9C11842DCAE003469EA /* battleship-Info.plist */ = {isa = PBXFileReference; lastKnownFileType = text.plist.xml; path = "battleship-Info.plist"; sourceTree = "<group>"; };
		C9A6A9C31842DCAE003469EA /* en */ = {isa = PBXFileReference; lastKnownFileType = text.plist.strings; name = en; path = en.lproj/InfoPlist.strings; sourceTree = "<group>"; };
		C9A6A9C51842DCAE003469EA /* main.m */ = {isa = PBXFileReference; lastKnownFileType = sourcecode.c.objc; path = main.m; sourceTree = "<group>"; };
		C9A6A9C71842DCAE003469EA /* battleship-Prefix.pch */ = {isa = PBXFileReference; lastKnownFileType = sourcecode.c.h; path = "battleship-Prefix.pch"; sourceTree = "<group>"; };
		C9A6A9C81842DCAE003469EA /* AppDelegate.h */ = {isa = PBXFileReference; lastKnownFileType = sourcecode.c.h; path = AppDelegate.h; sourceTree = "<group>"; };
		C9A6A9C91842DCAE003469EA /* AppDelegate.m */ = {isa = PBXFileReference; lastKnownFileType = sourcecode.c.objc; path = AppDelegate.m; sourceTree = "<group>"; };
		C9A6A9CC1842DCAE003469EA /* Base */ = {isa = PBXFileReference; lastKnownFileType = file.storyboard; name = Base; path = Base.lproj/Main.storyboard; sourceTree = "<group>"; };
		C9A6A9CE1842DCAE003469EA /* ViewController.h */ = {isa = PBXFileReference; lastKnownFileType = sourcecode.c.h; path = ViewController.h; sourceTree = "<group>"; };
		C9A6A9CF1842DCAE003469EA /* ViewController.m */ = {isa = PBXFileReference; lastKnownFileType = sourcecode.c.objc; path = ViewController.m; sourceTree = "<group>"; };
		C9A6A9D11842DCAE003469EA /* Images.xcassets */ = {isa = PBXFileReference; lastKnownFileType = folder.assetcatalog; path = Images.xcassets; sourceTree = "<group>"; };
		C9A6A9D71842DCAE003469EA /* battleshipTests.xctest */ = {isa = PBXFileReference; explicitFileType = wrapper.cfbundle; includeInIndex = 0; path = battleshipTests.xctest; sourceTree = BUILT_PRODUCTS_DIR; };
		C9A6A9D81842DCAE003469EA /* XCTest.framework */ = {isa = PBXFileReference; lastKnownFileType = wrapper.framework; name = XCTest.framework; path = Library/Frameworks/XCTest.framework; sourceTree = DEVELOPER_DIR; };
		C9A6A9E01842DCAE003469EA /* battleshipTests-Info.plist */ = {isa = PBXFileReference; lastKnownFileType = text.plist.xml; path = "battleshipTests-Info.plist"; sourceTree = "<group>"; };
		C9A6A9E21842DCAE003469EA /* en */ = {isa = PBXFileReference; lastKnownFileType = text.plist.strings; name = en; path = en.lproj/InfoPlist.strings; sourceTree = "<group>"; };
		C9A6A9E41842DCAE003469EA /* battleshipTests.m */ = {isa = PBXFileReference; lastKnownFileType = sourcecode.c.objc; path = battleshipTests.m; sourceTree = "<group>"; };
		C9A6A9EE184432D7003469EA /* Ships.h */ = {isa = PBXFileReference; fileEncoding = 4; lastKnownFileType = sourcecode.c.h; path = Ships.h; sourceTree = "<group>"; };
		C9A6A9EF184432D7003469EA /* Ships.m */ = {isa = PBXFileReference; fileEncoding = 4; lastKnownFileType = sourcecode.c.objc; path = Ships.m; sourceTree = "<group>"; };
		C9A6A9F118443533003469EA /* ships.plist */ = {isa = PBXFileReference; fileEncoding = 4; lastKnownFileType = text.plist.xml; path = ships.plist; sourceTree = "<group>"; };
		C9A6A9F318443E3E003469EA /* Player.h */ = {isa = PBXFileReference; fileEncoding = 4; lastKnownFileType = sourcecode.c.h; path = Player.h; sourceTree = "<group>"; };
		C9A6A9F418443E3E003469EA /* Player.m */ = {isa = PBXFileReference; fileEncoding = 4; lastKnownFileType = sourcecode.c.objc; path = Player.m; sourceTree = "<group>"; };
		C9A6A9FC18469211003469EA /* GamesListViewController.h */ = {isa = PBXFileReference; fileEncoding = 4; lastKnownFileType = sourcecode.c.h; path = GamesListViewController.h; sourceTree = "<group>"; };
		C9A6A9FD18469211003469EA /* GamesListViewController.m */ = {isa = PBXFileReference; fileEncoding = 4; lastKnownFileType = sourcecode.c.objc; path = GamesListViewController.m; sourceTree = "<group>"; };
		C9A6A9FF184693BD003469EA /* GameStates.h */ = {isa = PBXFileReference; fileEncoding = 4; lastKnownFileType = sourcecode.c.h; path = GameStates.h; sourceTree = "<group>"; };
		C9A6AA00184693BD003469EA /* GameStates.m */ = {isa = PBXFileReference; fileEncoding = 4; lastKnownFileType = sourcecode.c.objc; path = GameStates.m; sourceTree = "<group>"; };
		C9A6AA0218469B41003469EA /* board.jpeg */ = {isa = PBXFileReference; lastKnownFileType = image.jpeg; path = board.jpeg; sourceTree = "<group>"; };
/* End PBXFileReference section */

/* Begin PBXFrameworksBuildPhase section */
		C9A6A9B31842DCAE003469EA /* Frameworks */ = {
			isa = PBXFrameworksBuildPhase;
			buildActionMask = 2147483647;
			files = (
				C9A6A9BC1842DCAE003469EA /* CoreGraphics.framework in Frameworks */,
				C9A6A9BE1842DCAE003469EA /* UIKit.framework in Frameworks */,
				C9A6A9BA1842DCAE003469EA /* Foundation.framework in Frameworks */,
			);
			runOnlyForDeploymentPostprocessing = 0;
		};
		C9A6A9D41842DCAE003469EA /* Frameworks */ = {
			isa = PBXFrameworksBuildPhase;
			buildActionMask = 2147483647;
			files = (
				C9A6A9D91842DCAE003469EA /* XCTest.framework in Frameworks */,
				C9A6A9DB1842DCAE003469EA /* UIKit.framework in Frameworks */,
				C9A6A9DA1842DCAE003469EA /* Foundation.framework in Frameworks */,
			);
			runOnlyForDeploymentPostprocessing = 0;
		};
/* End PBXFrameworksBuildPhase section */

/* Begin PBXGroup section */
		C9A6A9AD1842DCAE003469EA = {
			isa = PBXGroup;
			children = (
				C9A6A9BF1842DCAE003469EA /* battleship */,
				C9A6A9DE1842DCAE003469EA /* battleshipTests */,
				C9A6A9B81842DCAE003469EA /* Frameworks */,
				C9A6A9B71842DCAE003469EA /* Products */,
			);
			sourceTree = "<group>";
		};
		C9A6A9B71842DCAE003469EA /* Products */ = {
			isa = PBXGroup;
			children = (
				C9A6A9B61842DCAE003469EA /* battleship.app */,
				C9A6A9D71842DCAE003469EA /* battleshipTests.xctest */,
			);
			name = Products;
			sourceTree = "<group>";
		};
		C9A6A9B81842DCAE003469EA /* Frameworks */ = {
			isa = PBXGroup;
			children = (
				C9A6A9B91842DCAE003469EA /* Foundation.framework */,
				C9A6A9BB1842DCAE003469EA /* CoreGraphics.framework */,
				C9A6A9BD1842DCAE003469EA /* UIKit.framework */,
				C9A6A9D81842DCAE003469EA /* XCTest.framework */,
			);
			name = Frameworks;
			sourceTree = "<group>";
		};
		C9A6A9BF1842DCAE003469EA /* battleship */ = {
			isa = PBXGroup;
			children = (
				C9A6A9F318443E3E003469EA /* Player.h */,
				C9A6A9F418443E3E003469EA /* Player.m */,
				C9A6A9EE184432D7003469EA /* Ships.h */,
				C9A6A9EF184432D7003469EA /* Ships.m */,
				C9A6A9FF184693BD003469EA /* GameStates.h */,
				C9A6AA00184693BD003469EA /* GameStates.m */,
				C9A6A9C81842DCAE003469EA /* AppDelegate.h */,
				C9A6A9C91842DCAE003469EA /* AppDelegate.m */,
				C9A6A9CB1842DCAE003469EA /* Main.storyboard */,
				C9A6A9CE1842DCAE003469EA /* ViewController.h */,
				C9A6A9CF1842DCAE003469EA /* ViewController.m */,
				C9A6A9FC18469211003469EA /* GamesListViewController.h */,
				C9A6A9FD18469211003469EA /* GamesListViewController.m */,
				C9A6A9D11842DCAE003469EA /* Images.xcassets */,
				C9A6A9C01842DCAE003469EA /* Supporting Files */,
			);
			path = battleship;
			sourceTree = "<group>";
		};
		C9A6A9C01842DCAE003469EA /* Supporting Files */ = {
			isa = PBXGroup;
			children = (
				C9A6A9F118443533003469EA /* ships.plist */,
				C9A6AA0218469B41003469EA /* board.jpeg */,
				C9A6A9C11842DCAE003469EA /* battleship-Info.plist */,
				C9A6A9C21842DCAE003469EA /* InfoPlist.strings */,
				C9A6A9C51842DCAE003469EA /* main.m */,
				C9A6A9C71842DCAE003469EA /* battleship-Prefix.pch */,
			);
			name = "Supporting Files";
			sourceTree = "<group>";
		};
		C9A6A9DE1842DCAE003469EA /* battleshipTests */ = {
			isa = PBXGroup;
			children = (
				C9A6A9E41842DCAE003469EA /* battleshipTests.m */,
				C9A6A9DF1842DCAE003469EA /* Supporting Files */,
			);
			path = battleshipTests;
			sourceTree = "<group>";
		};
		C9A6A9DF1842DCAE003469EA /* Supporting Files */ = {
			isa = PBXGroup;
			children = (
				C9A6A9E01842DCAE003469EA /* battleshipTests-Info.plist */,
				C9A6A9E11842DCAE003469EA /* InfoPlist.strings */,
			);
			name = "Supporting Files";
			sourceTree = "<group>";
		};
/* End PBXGroup section */

/* Begin PBXNativeTarget section */
		C9A6A9B51842DCAE003469EA /* battleship */ = {
			isa = PBXNativeTarget;
			buildConfigurationList = C9A6A9E81842DCAE003469EA /* Build configuration list for PBXNativeTarget "battleship" */;
			buildPhases = (
				C9A6A9B21842DCAE003469EA /* Sources */,
				C9A6A9B31842DCAE003469EA /* Frameworks */,
				C9A6A9B41842DCAE003469EA /* Resources */,
			);
			buildRules = (
			);
			dependencies = (
			);
			name = battleship;
			productName = battleship;
			productReference = C9A6A9B61842DCAE003469EA /* battleship.app */;
			productType = "com.apple.product-type.application";
		};
		C9A6A9D61842DCAE003469EA /* battleshipTests */ = {
			isa = PBXNativeTarget;
			buildConfigurationList = C9A6A9EB1842DCAE003469EA /* Build configuration list for PBXNativeTarget "battleshipTests" */;
			buildPhases = (
				C9A6A9D31842DCAE003469EA /* Sources */,
				C9A6A9D41842DCAE003469EA /* Frameworks */,
				C9A6A9D51842DCAE003469EA /* Resources */,
			);
			buildRules = (
			);
			dependencies = (
				C9A6A9DD1842DCAE003469EA /* PBXTargetDependency */,
			);
			name = battleshipTests;
			productName = battleshipTests;
			productReference = C9A6A9D71842DCAE003469EA /* battleshipTests.xctest */;
			productType = "com.apple.product-type.bundle.unit-test";
		};
/* End PBXNativeTarget section */

/* Begin PBXProject section */
		C9A6A9AE1842DCAE003469EA /* Project object */ = {
			isa = PBXProject;
			attributes = {
				LastUpgradeCheck = 0500;
				ORGANIZATIONNAME = "Matthew Toto";
				TargetAttributes = {
					C9A6A9D61842DCAE003469EA = {
						TestTargetID = C9A6A9B51842DCAE003469EA;
					};
				};
			};
			buildConfigurationList = C9A6A9B11842DCAE003469EA /* Build configuration list for PBXProject "battleship" */;
			compatibilityVersion = "Xcode 3.2";
			developmentRegion = English;
			hasScannedForEncodings = 0;
			knownRegions = (
				en,
				Base,
			);
			mainGroup = C9A6A9AD1842DCAE003469EA;
			productRefGroup = C9A6A9B71842DCAE003469EA /* Products */;
			projectDirPath = "";
			projectRoot = "";
			targets = (
				C9A6A9B51842DCAE003469EA /* battleship */,
				C9A6A9D61842DCAE003469EA /* battleshipTests */,
			);
		};
/* End PBXProject section */

/* Begin PBXResourcesBuildPhase section */
		C9A6A9B41842DCAE003469EA /* Resources */ = {
			isa = PBXResourcesBuildPhase;
			buildActionMask = 2147483647;
			files = (
				C9A6AA0318469B41003469EA /* board.jpeg in Resources */,
				C9A6A9F218443533003469EA /* ships.plist in Resources */,
				C9A6A9D21842DCAE003469EA /* Images.xcassets in Resources */,
				C9A6A9C41842DCAE003469EA /* InfoPlist.strings in Resources */,
				C9A6A9CD1842DCAE003469EA /* Main.storyboard in Resources */,
			);
			runOnlyForDeploymentPostprocessing = 0;
		};
		C9A6A9D51842DCAE003469EA /* Resources */ = {
			isa = PBXResourcesBuildPhase;
			buildActionMask = 2147483647;
			files = (
				C9A6A9E31842DCAE003469EA /* InfoPlist.strings in Resources */,
			);
			runOnlyForDeploymentPostprocessing = 0;
		};
/* End PBXResourcesBuildPhase section */

/* Begin PBXSourcesBuildPhase section */
		C9A6A9B21842DCAE003469EA /* Sources */ = {
			isa = PBXSourcesBuildPhase;
			buildActionMask = 2147483647;
			files = (
				C9A6A9D01842DCAE003469EA /* ViewController.m in Sources */,
				C9A6A9F0184432D7003469EA /* Ships.m in Sources */,
				C9A6A9FE18469211003469EA /* GamesListViewController.m in Sources */,
				C9A6AA01184693BD003469EA /* GameStates.m in Sources */,
				C9A6A9CA1842DCAE003469EA /* AppDelegate.m in Sources */,
				C9A6A9C61842DCAE003469EA /* main.m in Sources */,
				C9A6A9F518443E3E003469EA /* Player.m in Sources */,
			);
			runOnlyForDeploymentPostprocessing = 0;
		};
		C9A6A9D31842DCAE003469EA /* Sources */ = {
			isa = PBXSourcesBuildPhase;
			buildActionMask = 2147483647;
			files = (
				C9A6A9E51842DCAE003469EA /* battleshipTests.m in Sources */,
			);
			runOnlyForDeploymentPostprocessing = 0;
		};
/* End PBXSourcesBuildPhase section */

/* Begin PBXTargetDependency section */
		C9A6A9DD1842DCAE003469EA /* PBXTargetDependency */ = {
			isa = PBXTargetDependency;
			target = C9A6A9B51842DCAE003469EA /* battleship */;
			targetProxy = C9A6A9DC1842DCAE003469EA /* PBXContainerItemProxy */;
		};
/* End PBXTargetDependency section */

/* Begin PBXVariantGroup section */
		C9A6A9C21842DCAE003469EA /* InfoPlist.strings */ = {
			isa = PBXVariantGroup;
			children = (
				C9A6A9C31842DCAE003469EA /* en */,
			);
			name = InfoPlist.strings;
			sourceTree = "<group>";
		};
		C9A6A9CB1842DCAE003469EA /* Main.storyboard */ = {
			isa = PBXVariantGroup;
			children = (
				C9A6A9CC1842DCAE003469EA /* Base */,
			);
			name = Main.storyboard;
			sourceTree = "<group>";
		};
		C9A6A9E11842DCAE003469EA /* InfoPlist.strings */ = {
			isa = PBXVariantGroup;
			children = (
				C9A6A9E21842DCAE003469EA /* en */,
			);
			name = InfoPlist.strings;
			sourceTree = "<group>";
		};
/* End PBXVariantGroup section */

/* Begin XCBuildConfiguration section */
		C9A6A9E61842DCAE003469EA /* Debug */ = {
			isa = XCBuildConfiguration;
			buildSettings = {
				ALWAYS_SEARCH_USER_PATHS = NO;
				ARCHS = "$(ARCHS_STANDARD_INCLUDING_64_BIT)";
				CLANG_CXX_LANGUAGE_STANDARD = "gnu++0x";
				CLANG_CXX_LIBRARY = "libc++";
				CLANG_ENABLE_MODULES = YES;
				CLANG_ENABLE_OBJC_ARC = YES;
				CLANG_WARN_BOOL_CONVERSION = YES;
				CLANG_WARN_CONSTANT_CONVERSION = YES;
				CLANG_WARN_DIRECT_OBJC_ISA_USAGE = YES_ERROR;
				CLANG_WARN_EMPTY_BODY = YES;
				CLANG_WARN_ENUM_CONVERSION = YES;
				CLANG_WARN_INT_CONVERSION = YES;
				CLANG_WARN_OBJC_ROOT_CLASS = YES_ERROR;
				CLANG_WARN__DUPLICATE_METHOD_MATCH = YES;
				"CODE_SIGN_IDENTITY[sdk=iphoneos*]" = "iPhone Developer";
				COPY_PHASE_STRIP = NO;
				GCC_C_LANGUAGE_STANDARD = gnu99;
				GCC_DYNAMIC_NO_PIC = NO;
				GCC_OPTIMIZATION_LEVEL = 0;
				GCC_PREPROCESSOR_DEFINITIONS = (
					"DEBUG=1",
					"$(inherited)",
				);
				GCC_SYMBOLS_PRIVATE_EXTERN = NO;
				GCC_WARN_64_TO_32_BIT_CONVERSION = YES;
				GCC_WARN_ABOUT_RETURN_TYPE = YES_ERROR;
				GCC_WARN_UNDECLARED_SELECTOR = YES;
				GCC_WARN_UNINITIALIZED_AUTOS = YES;
				GCC_WARN_UNUSED_FUNCTION = YES;
				GCC_WARN_UNUSED_VARIABLE = YES;
				IPHONEOS_DEPLOYMENT_TARGET = 7.0;
				ONLY_ACTIVE_ARCH = YES;
				SDKROOT = iphoneos;
			};
			name = Debug;
		};
		C9A6A9E71842DCAE003469EA /* Release */ = {
			isa = XCBuildConfiguration;
			buildSettings = {
				ALWAYS_SEARCH_USER_PATHS = NO;
				ARCHS = "$(ARCHS_STANDARD_INCLUDING_64_BIT)";
				CLANG_CXX_LANGUAGE_STANDARD = "gnu++0x";
				CLANG_CXX_LIBRARY = "libc++";
				CLANG_ENABLE_MODULES = YES;
				CLANG_ENABLE_OBJC_ARC = YES;
				CLANG_WARN_BOOL_CONVERSION = YES;
				CLANG_WARN_CONSTANT_CONVERSION = YES;
				CLANG_WARN_DIRECT_OBJC_ISA_USAGE = YES_ERROR;
				CLANG_WARN_EMPTY_BODY = YES;
				CLANG_WARN_ENUM_CONVERSION = YES;
				CLANG_WARN_INT_CONVERSION = YES;
				CLANG_WARN_OBJC_ROOT_CLASS = YES_ERROR;
				CLANG_WARN__DUPLICATE_METHOD_MATCH = YES;
				"CODE_SIGN_IDENTITY[sdk=iphoneos*]" = "iPhone Developer";
				COPY_PHASE_STRIP = YES;
				ENABLE_NS_ASSERTIONS = NO;
				GCC_C_LANGUAGE_STANDARD = gnu99;
				GCC_WARN_64_TO_32_BIT_CONVERSION = YES;
				GCC_WARN_ABOUT_RETURN_TYPE = YES_ERROR;
				GCC_WARN_UNDECLARED_SELECTOR = YES;
				GCC_WARN_UNINITIALIZED_AUTOS = YES;
				GCC_WARN_UNUSED_FUNCTION = YES;
				GCC_WARN_UNUSED_VARIABLE = YES;
				IPHONEOS_DEPLOYMENT_TARGET = 7.0;
				SDKROOT = iphoneos;
				VALIDATE_PRODUCT = YES;
			};
			name = Release;
		};
		C9A6A9E91842DCAE003469EA /* Debug */ = {
			isa = XCBuildConfiguration;
			buildSettings = {
				ASSETCATALOG_COMPILER_APPICON_NAME = AppIcon;
				ASSETCATALOG_COMPILER_LAUNCHIMAGE_NAME = LaunchImage;
				GCC_PRECOMPILE_PREFIX_HEADER = YES;
				GCC_PREFIX_HEADER = "battleship/battleship-Prefix.pch";
				INFOPLIST_FILE = "battleship/battleship-Info.plist";
				IPHONEOS_DEPLOYMENT_TARGET = 7.0;
				PRODUCT_NAME = "$(TARGET_NAME)";
				TARGETED_DEVICE_FAMILY = 1;
				WRAPPER_EXTENSION = app;
			};
			name = Debug;
		};
		C9A6A9EA1842DCAE003469EA /* Release */ = {
			isa = XCBuildConfiguration;
			buildSettings = {
				ASSETCATALOG_COMPILER_APPICON_NAME = AppIcon;
				ASSETCATALOG_COMPILER_LAUNCHIMAGE_NAME = LaunchImage;
				GCC_PRECOMPILE_PREFIX_HEADER = YES;
				GCC_PREFIX_HEADER = "battleship/battleship-Prefix.pch";
				INFOPLIST_FILE = "battleship/battleship-Info.plist";
				IPHONEOS_DEPLOYMENT_TARGET = 7.0;
				PRODUCT_NAME = "$(TARGET_NAME)";
				TARGETED_DEVICE_FAMILY = 1;
				WRAPPER_EXTENSION = app;
			};
			name = Release;
		};
		C9A6A9EC1842DCAE003469EA /* Debug */ = {
			isa = XCBuildConfiguration;
			buildSettings = {
				ARCHS = "$(ARCHS_STANDARD_INCLUDING_64_BIT)";
				BUNDLE_LOADER = "$(BUILT_PRODUCTS_DIR)/battleship.app/battleship";
				FRAMEWORK_SEARCH_PATHS = (
					"$(SDKROOT)/Developer/Library/Frameworks",
					"$(inherited)",
					"$(DEVELOPER_FRAMEWORKS_DIR)",
				);
				GCC_PRECOMPILE_PREFIX_HEADER = YES;
				GCC_PREFIX_HEADER = "battleship/battleship-Prefix.pch";
				GCC_PREPROCESSOR_DEFINITIONS = (
					"DEBUG=1",
					"$(inherited)",
				);
				INFOPLIST_FILE = "battleshipTests/battleshipTests-Info.plist";
				PRODUCT_NAME = "$(TARGET_NAME)";
				TEST_HOST = "$(BUNDLE_LOADER)";
				WRAPPER_EXTENSION = xctest;
			};
			name = Debug;
		};
		C9A6A9ED1842DCAE003469EA /* Release */ = {
			isa = XCBuildConfiguration;
			buildSettings = {
				ARCHS = "$(ARCHS_STANDARD_INCLUDING_64_BIT)";
				BUNDLE_LOADER = "$(BUILT_PRODUCTS_DIR)/battleship.app/battleship";
				FRAMEWORK_SEARCH_PATHS = (
					"$(SDKROOT)/Developer/Library/Frameworks",
					"$(inherited)",
					"$(DEVELOPER_FRAMEWORKS_DIR)",
				);
				GCC_PRECOMPILE_PREFIX_HEADER = YES;
				GCC_PREFIX_HEADER = "battleship/battleship-Prefix.pch";
				INFOPLIST_FILE = "battleshipTests/battleshipTests-Info.plist";
				PRODUCT_NAME = "$(TARGET_NAME)";
				TEST_HOST = "$(BUNDLE_LOADER)";
				WRAPPER_EXTENSION = xctest;
			};
			name = Release;
		};
/* End XCBuildConfiguration section */

/* Begin XCConfigurationList section */
		C9A6A9B11842DCAE003469EA /* Build configuration list for PBXProject "battleship" */ = {
			isa = XCConfigurationList;
			buildConfigurations = (
				C9A6A9E61842DCAE003469EA /* Debug */,
				C9A6A9E71842DCAE003469EA /* Release */,
			);
			defaultConfigurationIsVisible = 0;
			defaultConfigurationName = Release;
		};
		C9A6A9E81842DCAE003469EA /* Build configuration list for PBXNativeTarget "battleship" */ = {
			isa = XCConfigurationList;
			buildConfigurations = (
				C9A6A9E91842DCAE003469EA /* Debug */,
				C9A6A9EA1842DCAE003469EA /* Release */,
			);
			defaultConfigurationIsVisible = 0;
		};
		C9A6A9EB1842DCAE003469EA /* Build configuration list for PBXNativeTarget "battleshipTests" */ = {
			isa = XCConfigurationList;
			buildConfigurations = (
				C9A6A9EC1842DCAE003469EA /* Debug */,
				C9A6A9ED1842DCAE003469EA /* Release */,
			);
			defaultConfigurationIsVisible = 0;
		};
/* End XCConfigurationList section */
	};
	rootObject = C9A6A9AE1842DCAE003469EA /* Project object */;
}
